// !$*UTF8*$!
{
	archiveVersion = 1;
	classes = {
	};
	objectVersion = 50;
	objects = {

/* Begin PBXBuildFile section */
		3989E80A25A0DD6800559090 /* MOVIE_APP_PT2App.swift in Sources */ = {isa = PBXBuildFile; fileRef = 3989E80925A0DD6800559090 /* MOVIE_APP_PT2App.swift */; };
		3989E80C25A0DD6800559090 /* ContentView.swift in Sources */ = {isa = PBXBuildFile; fileRef = 3989E80B25A0DD6800559090 /* ContentView.swift */; };
		3989E80E25A0DD6900559090 /* Assets.xcassets in Resources */ = {isa = PBXBuildFile; fileRef = 3989E80D25A0DD6900559090 /* Assets.xcassets */; };
		3989E81125A0DD6900559090 /* Preview Assets.xcassets in Resources */ = {isa = PBXBuildFile; fileRef = 3989E81025A0DD6900559090 /* Preview Assets.xcassets */; };
		3989E81A25A0E71600559090 /* MovieDetailView.swift in Sources */ = {isa = PBXBuildFile; fileRef = 3989E81925A0E71600559090 /* MovieDetailView.swift */; };
		3989E81D25A0F2A200559090 /* Movie.swift in Sources */ = {isa = PBXBuildFile; fileRef = 3989E81C25A0F2A200559090 /* Movie.swift */; };
/* End PBXBuildFile section */

/* Begin PBXFileReference section */
		3989E80625A0DD6800559090 /* MOVIE-APP-PT2.app */ = {isa = PBXFileReference; explicitFileType = wrapper.application; includeInIndex = 0; path = "MOVIE-APP-PT2.app"; sourceTree = BUILT_PRODUCTS_DIR; };
		3989E80925A0DD6800559090 /* MOVIE_APP_PT2App.swift */ = {isa = PBXFileReference; lastKnownFileType = sourcecode.swift; path = MOVIE_APP_PT2App.swift; sourceTree = "<group>"; };
		3989E80B25A0DD6800559090 /* ContentView.swift */ = {isa = PBXFileReference; lastKnownFileType = sourcecode.swift; path = ContentView.swift; sourceTree = "<group>"; };
		3989E80D25A0DD6900559090 /* Assets.xcassets */ = {isa = PBXFileReference; lastKnownFileType = folder.assetcatalog; path = Assets.xcassets; sourceTree = "<group>"; };
		3989E81025A0DD6900559090 /* Preview Assets.xcassets */ = {isa = PBXFileReference; lastKnownFileType = folder.assetcatalog; path = "Preview Assets.xcassets"; sourceTree = "<group>"; };
		3989E81225A0DD6900559090 /* Info.plist */ = {isa = PBXFileReference; lastKnownFileType = text.plist.xml; path = Info.plist; sourceTree = "<group>"; };
		3989E81925A0E71600559090 /* MovieDetailView.swift */ = {isa = PBXFileReference; lastKnownFileType = sourcecode.swift; path = MovieDetailView.swift; sourceTree = "<group>"; };
		3989E81C25A0F2A200559090 /* Movie.swift */ = {isa = PBXFileReference; lastKnownFileType = sourcecode.swift; path = Movie.swift; sourceTree = "<group>"; };
/* End PBXFileReference section */

/* Begin PBXFrameworksBuildPhase section */
		3989E80325A0DD6800559090 /* Frameworks */ = {
			isa = PBXFrameworksBuildPhase;
			buildActionMask = 2147483647;
			files = (
			);
			runOnlyForDeploymentPostprocessing = 0;
		};
/* End PBXFrameworksBuildPhase section */

/* Begin PBXGroup section */
		3989E7FD25A0DD6800559090 = {
			isa = PBXGroup;
			children = (
				3989E80825A0DD6800559090 /* MOVIE-APP-PT2 */,
				3989E80725A0DD6800559090 /* Products */,
			);
			sourceTree = "<group>";
		};
		3989E80725A0DD6800559090 /* Products */ = {
			isa = PBXGroup;
			children = (
				3989E80625A0DD6800559090 /* MOVIE-APP-PT2.app */,
			);
			name = Products;
			sourceTree = "<group>";
		};
		3989E80825A0DD6800559090 /* MOVIE-APP-PT2 */ = {
			isa = PBXGroup;
			children = (
				3989E80925A0DD6800559090 /* MOVIE_APP_PT2App.swift */,
				3989E80B25A0DD6800559090 /* ContentView.swift */,
				3989E81C25A0F2A200559090 /* Movie.swift */,
				3989E81925A0E71600559090 /* MovieDetailView.swift */,
				3989E80D25A0DD6900559090 /* Assets.xcassets */,
				3989E81225A0DD6900559090 /* Info.plist */,
				3989E80F25A0DD6900559090 /* Preview Content */,
			);
			path = "MOVIE-APP-PT2";
			sourceTree = "<group>";
		};
		3989E80F25A0DD6900559090 /* Preview Content */ = {
			isa = PBXGroup;
			children = (
				3989E81025A0DD6900559090 /* Preview Assets.xcassets */,
			);
			path = "Preview Content";
			sourceTree = "<group>";
		};
/* End PBXGroup section */

/* Begin PBXNativeTarget section */
		3989E80525A0DD6800559090 /* MOVIE-APP-PT2 */ = {
			isa = PBXNativeTarget;
			buildConfigurationList = 3989E81525A0DD6900559090 /* Build configuration list for PBXNativeTarget "MOVIE-APP-PT2" */;
			buildPhases = (
				3989E80225A0DD6800559090 /* Sources */,
				3989E80325A0DD6800559090 /* Frameworks */,
				3989E80425A0DD6800559090 /* Resources */,
			);
			buildRules = (
			);
			dependencies = (
			);
			name = "MOVIE-APP-PT2";
			productName = "MOVIE-APP-PT2";
			productReference = 3989E80625A0DD6800559090 /* MOVIE-APP-PT2.app */;
			productType = "com.apple.product-type.application";
		};
/* End PBXNativeTarget section */

/* Begin PBXProject section */
		3989E7FE25A0DD6800559090 /* Project object */ = {
			isa = PBXProject;
			attributes = {
				LastSwiftUpdateCheck = 1230;
				LastUpgradeCheck = 1230;
				TargetAttributes = {
					3989E80525A0DD6800559090 = {
						CreatedOnToolsVersion = 12.3;
					};
				};
			};
			buildConfigurationList = 3989E80125A0DD6800559090 /* Build configuration list for PBXProject "MOVIE-APP-PT2" */;
			compatibilityVersion = "Xcode 9.3";
			developmentRegion = en;
			hasScannedForEncodings = 0;
			knownRegions = (
				en,
				Base,
			);
			mainGroup = 3989E7FD25A0DD6800559090;
			productRefGroup = 3989E80725A0DD6800559090 /* Products */;
			projectDirPath = "";
			projectRoot = "";
			targets = (
				3989E80525A0DD6800559090 /* MOVIE-APP-PT2 */,
			);
		};
/* End PBXProject section */

/* Begin PBXResourcesBuildPhase section */
		3989E80425A0DD6800559090 /* Resources */ = {
			isa = PBXResourcesBuildPhase;
			buildActionMask = 2147483647;
			files = (
				3989E81125A0DD6900559090 /* Preview Assets.xcassets in Resources */,
				3989E80E25A0DD6900559090 /* Assets.xcassets in Resources */,
			);
			runOnlyForDeploymentPostprocessing = 0;
		};
/* End PBXResourcesBuildPhase section */

/* Begin PBXSourcesBuildPhase section */
		3989E80225A0DD6800559090 /* Sources */ = {
			isa = PBXSourcesBuildPhase;
			buildActionMask = 2147483647;
			files = (
				3989E81A25A0E71600559090 /* MovieDetailView.swift in Sources */,
				3989E80C25A0DD6800559090 /* ContentView.swift in Sources */,
				3989E81D25A0F2A200559090 /* Movie.swift in Sources */,
				3989E80A25A0DD6800559090 /* MOVIE_APP_PT2App.swift in Sources */,
			);
			runOnlyForDeploymentPostprocessing = 0;
		};
/* End PBXSourcesBuildPhase section */

/* Begin XCBuildConfiguration section */
		3989E81325A0DD6900559090 /* Debug */ = {
			isa = XCBuildConfiguration;
			buildSettings = {
				ALWAYS_SEARCH_USER_PATHS = NO;
				CLANG_ANALYZER_NONNULL = YES;
				CLANG_ANALYZER_NUMBER_OBJECT_CONVERSION = YES_AGGRESSIVE;
				CLANG_CXX_LANGUAGE_STANDARD = "gnu++14";
				CLANG_CXX_LIBRARY = "libc++";
				CLANG_ENABLE_MODULES = YES;
				CLANG_ENABLE_OBJC_ARC = YES;
				CLANG_ENABLE_OBJC_WEAK = YES;
				CLANG_WARN_BLOCK_CAPTURE_AUTORELEASING = YES;
				CLANG_WARN_BOOL_CONVERSION = YES;
				CLANG_WARN_COMMA = YES;
				CLANG_WARN_CONSTANT_CONVERSION = YES;
				CLANG_WARN_DEPRECATED_OBJC_IMPLEMENTATIONS = YES;
				CLANG_WARN_DIRECT_OBJC_ISA_USAGE = YES_ERROR;
				CLANG_WARN_DOCUMENTATION_COMMENTS = YES;
				CLANG_WARN_EMPTY_BODY = YES;
				CLANG_WARN_ENUM_CONVERSION = YES;
				CLANG_WARN_INFINITE_RECURSION = YES;
				CLANG_WARN_INT_CONVERSION = YES;
				CLANG_WARN_NON_LITERAL_NULL_CONVERSION = YES;
				CLANG_WARN_OBJC_IMPLICIT_RETAIN_SELF = YES;
				CLANG_WARN_OBJC_LITERAL_CONVERSION = YES;
				CLANG_WARN_OBJC_ROOT_CLASS = YES_ERROR;
				CLANG_WARN_QUOTED_INCLUDE_IN_FRAMEWORK_HEADER = YES;
				CLANG_WARN_RANGE_LOOP_ANALYSIS = YES;
				CLANG_WARN_STRICT_PROTOTYPES = YES;
				CLANG_WARN_SUSPICIOUS_MOVE = YES;
				CLANG_WARN_UNGUARDED_AVAILABILITY = YES_AGGRESSIVE;
				CLANG_WARN_UNREACHABLE_CODE = YES;
				CLANG_WARN__DUPLICATE_METHOD_MATCH = YES;
				COPY_PHASE_STRIP = NO;
				DEBUG_INFORMATION_FORMAT = dwarf;
				ENABLE_STRICT_OBJC_MSGSEND = YES;
				ENABLE_TESTABILITY = YES;
				GCC_C_LANGUAGE_STANDARD = gnu11;
				GCC_DYNAMIC_NO_PIC = NO;
				GCC_NO_COMMON_BLOCKS = YES;
				GCC_OPTIMIZATION_LEVEL = 0;
				GCC_PREPROCESSOR_DEFINITIONS = (
					"DEBUG=1",
					"$(inherited)",
				);
				GCC_WARN_64_TO_32_BIT_CONVERSION = YES;
				GCC_WARN_ABOUT_RETURN_TYPE = YES_ERROR;
				GCC_WARN_UNDECLARED_SELECTOR = YES;
				GCC_WARN_UNINITIALIZED_AUTOS = YES_AGGRESSIVE;
				GCC_WARN_UNUSED_FUNCTION = YES;
				GCC_WARN_UNUSED_VARIABLE = YES;
				IPHONEOS_DEPLOYMENT_TARGET = 14.3;
				MTL_ENABLE_DEBUG_INFO = INCLUDE_SOURCE;
				MTL_FAST_MATH = YES;
				ONLY_ACTIVE_ARCH = YES;
				SDKROOT = iphoneos;
				SWIFT_ACTIVE_COMPILATION_CONDITIONS = DEBUG;
				SWIFT_OPTIMIZATION_LEVEL = "-Onone";
			};
			name = Debug;
		};
		3989E81425A0DD6900559090 /* Release */ = {
			isa = XCBuildConfiguration;
			buildSettings = {
				ALWAYS_SEARCH_USER_PATHS = NO;
				CLANG_ANALYZER_NONNULL = YES;
				CLANG_ANALYZER_NUMBER_OBJECT_CONVERSION = YES_AGGRESSIVE;
				CLANG_CXX_LANGUAGE_STANDARD = "gnu++14";
				CLANG_CXX_LIBRARY = "libc++";
				CLANG_ENABLE_MODULES = YES;
				CLANG_ENABLE_OBJC_ARC = YES;
				CLANG_ENABLE_OBJC_WEAK = YES;
				CLANG_WARN_BLOCK_CAPTURE_AUTORELEASING = YES;
				CLANG_WARN_BOOL_CONVERSION = YES;
				CLANG_WARN_COMMA = YES;
				CLANG_WARN_CONSTANT_CONVERSION = YES;
				CLANG_WARN_DEPRECATED_OBJC_IMPLEMENTATIONS = YES;
				CLANG_WARN_DIRECT_OBJC_ISA_USAGE = YES_ERROR;
				CLANG_WARN_DOCUMENTATION_COMMENTS = YES;
				CLANG_WARN_EMPTY_BODY = YES;
				CLANG_WARN_ENUM_CONVERSION = YES;
				CLANG_WARN_INFINITE_RECURSION = YES;
				CLANG_WARN_INT_CONVERSION = YES;
				CLANG_WARN_NON_LITERAL_NULL_CONVERSION = YES;
				CLANG_WARN_OBJC_IMPLICIT_RETAIN_SELF = YES;
				CLANG_WARN_OBJC_LITERAL_CONVERSION = YES;
				CLANG_WARN_OBJC_ROOT_CLASS = YES_ERROR;
				CLANG_WARN_QUOTED_INCLUDE_IN_FRAMEWORK_HEADER = YES;
				CLANG_WARN_RANGE_LOOP_ANALYSIS = YES;
				CLANG_WARN_STRICT_PROTOTYPES = YES;
				CLANG_WARN_SUSPICIOUS_MOVE = YES;
				CLANG_WARN_UNGUARDED_AVAILABILITY = YES_AGGRESSIVE;
				CLANG_WARN_UNREACHABLE_CODE = YES;
				CLANG_WARN__DUPLICATE_METHOD_MATCH = YES;
				COPY_PHASE_STRIP = NO;
				DEBUG_INFORMATION_FORMAT = "dwarf-with-dsym";
				ENABLE_NS_ASSERTIONS = NO;
				ENABLE_STRICT_OBJC_MSGSEND = YES;
				GCC_C_LANGUAGE_STANDARD = gnu11;
				GCC_NO_COMMON_BLOCKS = YES;
				GCC_WARN_64_TO_32_BIT_CONVERSION = YES;
				GCC_WARN_ABOUT_RETURN_TYPE = YES_ERROR;
				GCC_WARN_UNDECLARED_SELECTOR = YES;
				GCC_WARN_UNINITIALIZED_AUTOS = YES_AGGRESSIVE;
				GCC_WARN_UNUSED_FUNCTION = YES;
				GCC_WARN_UNUSED_VARIABLE = YES;
				IPHONEOS_DEPLOYMENT_TARGET = 14.3;
				MTL_ENABLE_DEBUG_INFO = NO;
				MTL_FAST_MATH = YES;
				SDKROOT = iphoneos;
				SWIFT_COMPILATION_MODE = wholemodule;
				SWIFT_OPTIMIZATION_LEVEL = "-O";
				VALIDATE_PRODUCT = YES;
			};
			name = Release;
		};
		3989E81625A0DD6900559090 /* Debug */ = {
			isa = XCBuildConfiguration;
			buildSettings = {
				ASSETCATALOG_COMPILER_APPICON_NAME = AppIcon;
				ASSETCATALOG_COMPILER_GLOBAL_ACCENT_COLOR_NAME = AccentColor;
				CODE_SIGN_STYLE = Automatic;
				DEVELOPMENT_ASSET_PATHS = "\"MOVIE-APP-PT2/Preview Content\"";
				DEVELOPMENT_TEAM = PQSM74737Y;
				ENABLE_PREVIEWS = YES;
				INFOPLIST_FILE = "MOVIE-APP-PT2/Info.plist";
				IPHONEOS_DEPLOYMENT_TARGET = 14.0;
				LD_RUNPATH_SEARCH_PATHS = (
					"$(inherited)",
					"@executable_path/Frameworks",
				);
				PRODUCT_BUNDLE_IDENTIFIER = "mariam.MOVIE-APP-PT2";
				PRODUCT_NAME = "$(TARGET_NAME)";
				SWIFT_VERSION = 5.0;
				TARGETED_DEVICE_FAMILY = "1,2";
			};
			name = Debug;
		};
		3989E81725A0DD6900559090 /* Release */ = {
			isa = XCBuildConfiguration;
			buildSettings = {
				ASSETCATALOG_COMPILER_APPICON_NAME = AppIcon;
				ASSETCATALOG_COMPILER_GLOBAL_ACCENT_COLOR_NAME = AccentColor;
				CODE_SIGN_STYLE = Automatic;
				DEVELOPMENT_ASSET_PATHS = "\"MOVIE-APP-PT2/Preview Content\"";
				DEVELOPMENT_TEAM = PQSM74737Y;
				ENABLE_PREVIEWS = YES;
				INFOPLIST_FILE = "MOVIE-APP-PT2/Info.plist";
				IPHONEOS_DEPLOYMENT_TARGET = 14.0;
				LD_RUNPATH_SEARCH_PATHS = (
					"$(inherited)",
					"@executable_path/Frameworks",
				);
				PRODUCT_BUNDLE_IDENTIFIER = "mariam.MOVIE-APP-PT2";
				PRODUCT_NAME = "$(TARGET_NAME)";
				SWIFT_VERSION = 5.0;
				TARGETED_DEVICE_FAMILY = "1,2";
			};
			name = Release;
		};
/* End XCBuildConfiguration section */

/* Begin XCConfigurationList section */
		3989E80125A0DD6800559090 /* Build configuration list for PBXProject "MOVIE-APP-PT2" */ = {
			isa = XCConfigurationList;
			buildConfigurations = (
				3989E81325A0DD6900559090 /* Debug */,
				3989E81425A0DD6900559090 /* Release */,
			);
			defaultConfigurationIsVisible = 0;
			defaultConfigurationName = Release;
		};
		3989E81525A0DD6900559090 /* Build configuration list for PBXNativeTarget "MOVIE-APP-PT2" */ = {
			isa = XCConfigurationList;
			buildConfigurations = (
				3989E81625A0DD6900559090 /* Debug */,
				3989E81725A0DD6900559090 /* Release */,
			);
			defaultConfigurationIsVisible = 0;
			defaultConfigurationName = Release;
		};
/* End XCConfigurationList section */
	};
	rootObject = 3989E7FE25A0DD6800559090 /* Project object */;
}
